{
  "version": 4,
  "terraform_version": "1.1.2",
  "serial": 141,
  "lineage": "6ffaacba-ccad-e470-522e-5b82231dae0e",
  "outputs": {
    "qtde_iniciada": {
      "value": {
        "0": "projects/terraform-332021/zones/us-east1-b/instances/server-prod-0",
        "1": "projects/terraform-332021/zones/us-east1-b/instances/server-prod-1"
      },
      "type": [
        "object",
        {
          "0": "string",
          "1": "string"
        }
      ]
    },
    "servidores": {
      "value": [
        "server-prod-0",
        "server-prod-1"
      ],
      "type": [
        "tuple",
        [
          "string",
          "string"
        ]
      ]
    }
  },
  "resources": [
    {
      "mode": "managed",
      "type": "google_compute_instance",
      "name": "server",
      "provider": "provider[\"registry.terraform.io/hashicorp/google\"]",
      "instances": [
        {
          "index_key": 0,
          "schema_version": 6,
          "attributes": {
            "advanced_machine_features": [],
            "allow_stopping_for_update": null,
            "attached_disk": [],
            "boot_disk": [
              {
                "auto_delete": true,
                "device_name": "persistent-disk-0",
                "disk_encryption_key_raw": "",
                "disk_encryption_key_sha256": "",
                "initialize_params": [
                  {
                    "image": "https://www.googleapis.com/compute/v1/projects/debian-cloud/global/images/debian-9-stretch-v20211209",
                    "labels": {},
                    "size": 10,
                    "type": "pd-standard"
                  }
                ],
                "kms_key_self_link": "",
                "mode": "READ_WRITE",
                "source": "https://www.googleapis.com/compute/v1/projects/terraform-332021/zones/us-east1-b/disks/server-prod-0"
              }
            ],
            "can_ip_forward": false,
            "confidential_instance_config": [],
            "cpu_platform": "Intel Broadwell",
            "current_status": "RUNNING",
            "deletion_protection": false,
            "description": "",
            "desired_status": null,
            "enable_display": false,
            "guest_accelerator": [],
            "hostname": "",
            "id": "projects/terraform-332021/zones/us-east1-b/instances/server-prod-0",
            "instance_id": "132667119169578275",
            "label_fingerprint": "pmmaqExLA4o=",
            "labels": {
              "criador": "danniel-martins",
              "criadorrrr": "dannielmartins",
              "env": "prod",
              "manageby": "terraform",
              "projeto": "projeto-final",
              "so": "linux"
            },
            "machine_type": "e2-small",
            "metadata": {},
            "metadata_fingerprint": "aYdV5LTba9I=",
            "metadata_startup_script": null,
            "min_cpu_platform": "",
            "name": "server-prod-0",
            "network_interface": [
              {
                "access_config": [
                  {
                    "nat_ip": "35.196.119.240",
                    "network_tier": "PREMIUM",
                    "public_ptr_domain_name": ""
                  }
                ],
                "alias_ip_range": [],
                "ipv6_access_config": [],
                "ipv6_access_type": "",
                "name": "nic0",
                "network": "https://www.googleapis.com/compute/v1/projects/terraform-332021/global/networks/default",
                "network_ip": "10.142.0.30",
                "nic_type": "",
                "queue_count": 0,
                "stack_type": "IPV4_ONLY",
                "subnetwork": "https://www.googleapis.com/compute/v1/projects/terraform-332021/regions/us-east1/subnetworks/default",
                "subnetwork_project": "terraform-332021"
              }
            ],
            "project": "terraform-332021",
            "reservation_affinity": [],
            "resource_policies": [],
            "scheduling": [
              {
                "automatic_restart": true,
                "min_node_cpus": 0,
                "node_affinities": [],
                "on_host_maintenance": "MIGRATE",
                "preemptible": false
              }
            ],
            "scratch_disk": [],
            "self_link": "https://www.googleapis.com/compute/v1/projects/terraform-332021/zones/us-east1-b/instances/server-prod-0",
            "service_account": [],
            "shielded_instance_config": [],
            "tags": [],
            "tags_fingerprint": "42WmSpB8rSM=",
            "timeouts": null,
            "zone": "us-east1-b"
          },
          "sensitive_attributes": [],
          "private": "eyJlMmJmYjczMC1lY2FhLTExZTYtOGY4OC0zNDM2M2JjN2M0YzAiOnsiY3JlYXRlIjoxMjAwMDAwMDAwMDAwLCJkZWxldGUiOjEyMDAwMDAwMDAwMDAsInVwZGF0ZSI6MTIwMDAwMDAwMDAwMH0sInNjaGVtYV92ZXJzaW9uIjoiNiJ9"
        },
        {
          "index_key": 1,
          "schema_version": 6,
          "attributes": {
            "advanced_machine_features": [],
            "allow_stopping_for_update": null,
            "attached_disk": [],
            "boot_disk": [
              {
                "auto_delete": true,
                "device_name": "persistent-disk-0",
                "disk_encryption_key_raw": "",
                "disk_encryption_key_sha256": "",
                "initialize_params": [
                  {
                    "image": "https://www.googleapis.com/compute/v1/projects/debian-cloud/global/images/debian-9-stretch-v20211209",
                    "labels": {},
                    "size": 10,
                    "type": "pd-standard"
                  }
                ],
                "kms_key_self_link": "",
                "mode": "READ_WRITE",
                "source": "https://www.googleapis.com/compute/v1/projects/terraform-332021/zones/us-east1-b/disks/server-prod-1"
              }
            ],
            "can_ip_forward": false,
            "confidential_instance_config": [],
            "cpu_platform": "Intel Broadwell",
            "current_status": "RUNNING",
            "deletion_protection": false,
            "description": "",
            "desired_status": null,
            "enable_display": false,
            "guest_accelerator": [],
            "hostname": "",
            "id": "projects/terraform-332021/zones/us-east1-b/instances/server-prod-1",
            "instance_id": "1019776039879582372",
            "label_fingerprint": "pmmaqExLA4o=",
            "labels": {
              "criador": "danniel-martins",
              "criadorrrr": "dannielmartins",
              "env": "prod",
              "manageby": "terraform",
              "projeto": "projeto-final",
              "so": "linux"
            },
            "machine_type": "e2-small",
            "metadata": null,
            "metadata_fingerprint": "aYdV5LTba9I=",
            "metadata_startup_script": null,
            "min_cpu_platform": "",
            "name": "server-prod-1",
            "network_interface": [
              {
                "access_config": [
                  {
                    "nat_ip": "35.196.252.154",
                    "network_tier": "PREMIUM",
                    "public_ptr_domain_name": ""
                  }
                ],
                "alias_ip_range": [],
                "ipv6_access_config": [],
                "ipv6_access_type": "",
                "name": "nic0",
                "network": "https://www.googleapis.com/compute/v1/projects/terraform-332021/global/networks/default",
                "network_ip": "10.142.0.32",
                "nic_type": "",
                "queue_count": 0,
                "stack_type": "IPV4_ONLY",
                "subnetwork": "https://www.googleapis.com/compute/v1/projects/terraform-332021/regions/us-east1/subnetworks/default",
                "subnetwork_project": "terraform-332021"
              }
            ],
            "project": "terraform-332021",
            "reservation_affinity": [],
            "resource_policies": null,
            "scheduling": [
              {
                "automatic_restart": true,
                "min_node_cpus": 0,
                "node_affinities": [],
                "on_host_maintenance": "MIGRATE",
                "preemptible": false
              }
            ],
            "scratch_disk": [],
            "self_link": "https://www.googleapis.com/compute/v1/projects/terraform-332021/zones/us-east1-b/instances/server-prod-1",
            "service_account": [],
            "shielded_instance_config": [],
            "tags": null,
            "tags_fingerprint": "42WmSpB8rSM=",
            "timeouts": null,
            "zone": "us-east1-b"
          },
          "sensitive_attributes": [],
          "private": "eyJlMmJmYjczMC1lY2FhLTExZTYtOGY4OC0zNDM2M2JjN2M0YzAiOnsiY3JlYXRlIjoxMjAwMDAwMDAwMDAwLCJkZWxldGUiOjEyMDAwMDAwMDAwMDAsInVwZGF0ZSI6MTIwMDAwMDAwMDAwMH0sInNjaGVtYV92ZXJzaW9uIjoiNiJ9"
        }
      ]
    },
    {
      "module": "module.bucket",
      "mode": "managed",
      "type": "google_storage_bucket",
      "name": "auto-expire",
      "provider": "provider[\"registry.terraform.io/hashicorp/google\"]",
      "instances": [
        {
          "schema_version": 0,
          "attributes": {
            "cors": [],
            "default_event_based_hold": false,
            "encryption": [],
            "force_destroy": true,
            "id": "bucket-arquivo-de-estado",
            "labels": {},
            "lifecycle_rule": [
              {
                "action": [
                  {
                    "storage_class": "",
                    "type": "Delete"
                  }
                ],
                "condition": [
                  {
                    "age": 3,
                    "created_before": "",
                    "custom_time_before": "",
                    "days_since_custom_time": 0,
                    "days_since_noncurrent_time": 0,
                    "matches_storage_class": [],
                    "noncurrent_time_before": "",
                    "num_newer_versions": 0,
                    "with_state": "ANY"
                  }
                ]
              }
            ],
            "location": "US",
            "logging": [],
            "name": "bucket-arquivo-de-estado",
            "project": "terraform-332021",
            "requester_pays": false,
            "retention_policy": [],
            "self_link": "https://www.googleapis.com/storage/v1/b/bucket-arquivo-de-estado",
            "storage_class": "STANDARD",
            "uniform_bucket_level_access": false,
            "url": "gs://bucket-arquivo-de-estado",
            "versioning": [],
            "website": []
          },
          "sensitive_attributes": [],
          "private": "bnVsbA=="
        }
      ]
    },
    {
      "module": "module.bucket",
      "mode": "managed",
      "type": "google_storage_bucket_object",
      "name": "tfstate",
      "provider": "provider[\"registry.terraform.io/hashicorp/google\"]",
      "instances": [
        {
          "schema_version": 0,
          "attributes": {
            "bucket": "bucket-arquivo-de-estado",
            "cache_control": "",
            "content": null,
            "content_disposition": "",
            "content_encoding": "",
            "content_language": "",
            "content_type": "text/plain; charset=utf-8",
            "crc32c": "krPOSw==",
            "customer_encryption": [],
            "detect_md5hash": "ds3WVt7cXwYJFtFGfGKN0w==",
            "event_based_hold": false,
            "id": "bucket-arquivo-de-estado-arquivoDEestado",
            "kms_key_name": "",
            "md5hash": "ds3WVt7cXwYJFtFGfGKN0w==",
            "media_link": "https://storage.googleapis.com/download/storage/v1/b/bucket-arquivo-de-estado/o/arquivoDEestado?generation=1641520076384735\u0026alt=media",
            "metadata": {},
            "name": "arquivoDEestado",
            "output_name": "arquivoDEestado",
            "self_link": "https://www.googleapis.com/storage/v1/b/bucket-arquivo-de-estado/o/arquivoDEestado",
            "source": "terraform.tfstate.backup",
            "storage_class": "STANDARD",
            "temporary_hold": false,
            "timeouts": null
          },
          "sensitive_attributes": [],
          "private": "eyJlMmJmYjczMC1lY2FhLTExZTYtOGY4OC0zNDM2M2JjN2M0YzAiOnsiY3JlYXRlIjoyNDAwMDAwMDAwMDAsImRlbGV0ZSI6MjQwMDAwMDAwMDAwLCJ1cGRhdGUiOjI0MDAwMDAwMDAwMH19",
          "dependencies": [
            "module.bucket.google_storage_bucket.auto-expire"
          ]
        }
      ]
    }
  ]
}
