{
  "version": 4,
  "terraform_version": "1.1.2",
  "serial": 5,
  "lineage": "00ea2602-8f68-4ba3-f4dc-e556bc4b68f8",
  "outputs": {
    "bucket": {
      "value": "bucket-arquivo-de-estado",
      "type": "string"
    }
  },
  "resources": [
    {
      "mode": "managed",
      "type": "google_storage_bucket",
      "name": "remote_state",
      "provider": "provider[\"registry.terraform.io/hashicorp/google\"]",
      "instances": [
        {
          "schema_version": 0,
          "attributes": {
            "cors": [],
            "default_event_based_hold": false,
            "encryption": [],
            "force_destroy": true,
            "id": "bucket-arquivo-de-estado",
            "labels": {
              "criadorr": "dannielmartins",
              "manageby": "terraform",
              "resource": "bucket"
            },
            "lifecycle_rule": [
              {
                "action": [
                  {
                    "storage_class": "",
                    "type": "Delete"
                  }
                ],
                "condition": [
                  {
                    "age": 30,
                    "created_before": "",
                    "custom_time_before": "",
                    "days_since_custom_time": 0,
                    "days_since_noncurrent_time": 0,
                    "matches_storage_class": [],
                    "noncurrent_time_before": "",
                    "num_newer_versions": 0,
                    "with_state": "ANY"
                  }
                ]
              }
            ],
            "location": "US",
            "logging": [],
            "name": "bucket-arquivo-de-estado",
            "project": "terraform-332021",
            "requester_pays": false,
            "retention_policy": [],
            "self_link": "https://www.googleapis.com/storage/v1/b/bucket-arquivo-de-estado",
            "storage_class": "STANDARD",
            "uniform_bucket_level_access": false,
            "url": "gs://bucket-arquivo-de-estado",
            "versioning": [
              {
                "enabled": true
              }
            ],
            "website": []
          },
          "sensitive_attributes": [],
          "private": "bnVsbA=="
        }
      ]
    }
  ]
}
